
Microsoft Visual Studio Solution File, Format Version 12.00
# Visual Studio Version 16
VisualStudioVersion = 16.0.29613.14
MinimumVisualStudioVersion = 10.0.40219.1
Project("{FAE04EC0-301F-11D3-BF4B-00C04F79EFBC}") = "BankManagement", "BankManagement\BankManagement.csproj", "{D71C0B90-68D1-414D-A80A-E6875AE5F15F}"
EndProject
Global
	GlobalSection(SolutionConfigurationPlatforms) = preSolution
		Debug|Any CPU = Debug|Any CPU
		Release|Any CPU = Release|Any CPU
	EndGlobalSection
	GlobalSection(ProjectConfigurationPlatforms) = postSolution
		{D71C0B90-68D1-414D-A80A-E6875AE5F15F}.Debug|Any CPU.ActiveCfg = Debug|Any CPU
		{D71C0B90-68D1-414D-A80A-E6875AE5F15F}.Debug|Any CPU.Build.0 = Debug|Any CPU
		{D71C0B90-68D1-414D-A80A-E6875AE5F15F}.Release|Any CPU.ActiveCfg = Release|Any CPU
		{D71C0B90-68D1-414D-A80A-E6875AE5F15F}.Release|Any CPU.Build.0 = Release|Any CPU
	EndGlobalSection
	GlobalSection(SolutionProperties) = preSolution
		HideSolutionNode = FALSE
	EndGlobalSection
	GlobalSection(ExtensibilityGlobals) = postSolution
		SolutionGuid = {E03089D4-FA53-4ACF-9F21-1A04EDA4E7E6}
	EndGlobalSection
EndGlobal
